
Microsoft Visual Studio Solution File, Format Version 12.00
# Visual Studio Version 17
VisualStudioVersion = 17.2.32519.379
MinimumVisualStudioVersion = 10.0.40219.1
Project("{F184B08F-C81C-45F6-A57F-5ABD9991F28F}") = "OMultimoneda", "OMultimoneda\OMultimoneda.vbproj", "{F376EE0B-7C04-41A4-99CB-AF79FA8BE2FB}"
EndProject
Project("{54435603-DBB4-11D2-8724-00A0C9A8B90C}") = "OMSetup", "OMSetup\OMSetup.vdproj", "{559DE28F-6533-499F-AC89-23A8E9CC8E48}"
EndProject
Global
	GlobalSection(SolutionConfigurationPlatforms) = preSolution
		Debug|Any CPU = Debug|Any CPU
		Release|Any CPU = Release|Any CPU
	EndGlobalSection
	GlobalSection(ProjectConfigurationPlatforms) = postSolution
		{F376EE0B-7C04-41A4-99CB-AF79FA8BE2FB}.Debug|Any CPU.ActiveCfg = Debug|Any CPU
		{F376EE0B-7C04-41A4-99CB-AF79FA8BE2FB}.Debug|Any CPU.Build.0 = Debug|Any CPU
		{F376EE0B-7C04-41A4-99CB-AF79FA8BE2FB}.Release|Any CPU.ActiveCfg = Release|Any CPU
		{F376EE0B-7C04-41A4-99CB-AF79FA8BE2FB}.Release|Any CPU.Build.0 = Release|Any CPU
		{559DE28F-6533-499F-AC89-23A8E9CC8E48}.Debug|Any CPU.ActiveCfg = Debug
		{559DE28F-6533-499F-AC89-23A8E9CC8E48}.Release|Any CPU.ActiveCfg = Release
	EndGlobalSection
	GlobalSection(SolutionProperties) = preSolution
		HideSolutionNode = FALSE
	EndGlobalSection
	GlobalSection(ExtensibilityGlobals) = postSolution
		SolutionGuid = {B468BCCC-AEE8-482B-96FD-F4CC6D7792DF}
	EndGlobalSection
EndGlobal
